// !$*UTF8*$!
{
	archiveVersion = 1;
	classes = {
	};
	objectVersion = 48;
	objects = {

/* Begin PBXBuildFile section */
		270520559C473C728D18ED47 /* Pods_PHTestApp.framework in Frameworks */ = {isa = PBXBuildFile; fileRef = 0E8409B5FA6EB0FB084EF4E1 /* Pods_PHTestApp.framework */; };
		635D08571F31F19C00DD8157 /* NetworkManager.swift in Sources */ = {isa = PBXBuildFile; fileRef = 635D08561F31F19C00DD8157 /* NetworkManager.swift */; };
		635D08591F32175100DD8157 /* ApplicationManager.swift in Sources */ = {isa = PBXBuildFile; fileRef = 635D08581F32175100DD8157 /* ApplicationManager.swift */; };
		635D085C1F32681600DD8157 /* PostCell.swift in Sources */ = {isa = PBXBuildFile; fileRef = 635D085B1F32681600DD8157 /* PostCell.swift */; };
		6380AF4D1F30987E000EDC6A /* Collection.swift in Sources */ = {isa = PBXBuildFile; fileRef = 6380AF4C1F30987E000EDC6A /* Collection.swift */; };
		6380AF511F30A24A000EDC6A /* User.swift in Sources */ = {isa = PBXBuildFile; fileRef = 6380AF501F30A24A000EDC6A /* User.swift */; };
		638721E51F33890300EB206A /* Post.swift in Sources */ = {isa = PBXBuildFile; fileRef = 638721E41F33890300EB206A /* Post.swift */; };
		6399A9111F2FEB5B0023A9BD /* AppDelegate.swift in Sources */ = {isa = PBXBuildFile; fileRef = 6399A9101F2FEB5B0023A9BD /* AppDelegate.swift */; };
		6399A9131F2FEB5B0023A9BD /* FeedController.swift in Sources */ = {isa = PBXBuildFile; fileRef = 6399A9121F2FEB5B0023A9BD /* FeedController.swift */; };
		6399A9161F2FEB5B0023A9BD /* Main.storyboard in Resources */ = {isa = PBXBuildFile; fileRef = 6399A9141F2FEB5B0023A9BD /* Main.storyboard */; };
		6399A9181F2FEB5B0023A9BD /* Assets.xcassets in Resources */ = {isa = PBXBuildFile; fileRef = 6399A9171F2FEB5B0023A9BD /* Assets.xcassets */; };
		6399A91B1F2FEB5B0023A9BD /* LaunchScreen.storyboard in Resources */ = {isa = PBXBuildFile; fileRef = 6399A9191F2FEB5B0023A9BD /* LaunchScreen.storyboard */; };
		63BF2CBB1F32745A0070CA40 /* PostCell.xib in Resources */ = {isa = PBXBuildFile; fileRef = 63BF2CBA1F32745A0070CA40 /* PostCell.xib */; };
/* End PBXBuildFile section */

/* Begin PBXFileReference section */
		0E8409B5FA6EB0FB084EF4E1 /* Pods_PHTestApp.framework */ = {isa = PBXFileReference; explicitFileType = wrapper.framework; includeInIndex = 0; path = Pods_PHTestApp.framework; sourceTree = BUILT_PRODUCTS_DIR; };
		635D08561F31F19C00DD8157 /* NetworkManager.swift */ = {isa = PBXFileReference; lastKnownFileType = sourcecode.swift; path = NetworkManager.swift; sourceTree = "<group>"; };
		635D08581F32175100DD8157 /* ApplicationManager.swift */ = {isa = PBXFileReference; lastKnownFileType = sourcecode.swift; path = ApplicationManager.swift; sourceTree = "<group>"; };
		635D085B1F32681600DD8157 /* PostCell.swift */ = {isa = PBXFileReference; lastKnownFileType = sourcecode.swift; path = PostCell.swift; sourceTree = "<group>"; };
		6380AF4C1F30987E000EDC6A /* Collection.swift */ = {isa = PBXFileReference; lastKnownFileType = sourcecode.swift; path = Collection.swift; sourceTree = "<group>"; };
		6380AF501F30A24A000EDC6A /* User.swift */ = {isa = PBXFileReference; lastKnownFileType = sourcecode.swift; path = User.swift; sourceTree = "<group>"; };
		638721E41F33890300EB206A /* Post.swift */ = {isa = PBXFileReference; fileEncoding = 4; lastKnownFileType = sourcecode.swift; path = Post.swift; sourceTree = "<group>"; };
		6399A90D1F2FEB5B0023A9BD /* PHTestApp.app */ = {isa = PBXFileReference; explicitFileType = wrapper.application; includeInIndex = 0; path = PHTestApp.app; sourceTree = BUILT_PRODUCTS_DIR; };
		6399A9101F2FEB5B0023A9BD /* AppDelegate.swift */ = {isa = PBXFileReference; lastKnownFileType = sourcecode.swift; path = AppDelegate.swift; sourceTree = "<group>"; };
		6399A9121F2FEB5B0023A9BD /* FeedController.swift */ = {isa = PBXFileReference; lastKnownFileType = sourcecode.swift; path = FeedController.swift; sourceTree = "<group>"; };
		6399A9151F2FEB5B0023A9BD /* Base */ = {isa = PBXFileReference; lastKnownFileType = file.storyboard; name = Base; path = Base.lproj/Main.storyboard; sourceTree = "<group>"; };
		6399A9171F2FEB5B0023A9BD /* Assets.xcassets */ = {isa = PBXFileReference; lastKnownFileType = folder.assetcatalog; path = Assets.xcassets; sourceTree = "<group>"; };
		6399A91A1F2FEB5B0023A9BD /* Base */ = {isa = PBXFileReference; lastKnownFileType = file.storyboard; name = Base; path = Base.lproj/LaunchScreen.storyboard; sourceTree = "<group>"; };
		6399A91C1F2FEB5B0023A9BD /* Info.plist */ = {isa = PBXFileReference; lastKnownFileType = text.plist.xml; path = Info.plist; sourceTree = "<group>"; };
		63BF2CBA1F32745A0070CA40 /* PostCell.xib */ = {isa = PBXFileReference; lastKnownFileType = file.xib; path = PostCell.xib; sourceTree = "<group>"; };
		76833087F03AB4E5BA4D9306 /* Pods-PHTestApp.release.xcconfig */ = {isa = PBXFileReference; includeInIndex = 1; lastKnownFileType = text.xcconfig; name = "Pods-PHTestApp.release.xcconfig"; path = "Pods/Target Support Files/Pods-PHTestApp/Pods-PHTestApp.release.xcconfig"; sourceTree = "<group>"; };
		AAC4D84C4D438621DB61932C /* Pods-PHTestApp.debug.xcconfig */ = {isa = PBXFileReference; includeInIndex = 1; lastKnownFileType = text.xcconfig; name = "Pods-PHTestApp.debug.xcconfig"; path = "Pods/Target Support Files/Pods-PHTestApp/Pods-PHTestApp.debug.xcconfig"; sourceTree = "<group>"; };
/* End PBXFileReference section */

/* Begin PBXFrameworksBuildPhase section */
		6399A90A1F2FEB5B0023A9BD /* Frameworks */ = {
			isa = PBXFrameworksBuildPhase;
			buildActionMask = 2147483647;
			files = (
				270520559C473C728D18ED47 /* Pods_PHTestApp.framework in Frameworks */,
			);
			runOnlyForDeploymentPostprocessing = 0;
		};
/* End PBXFrameworksBuildPhase section */

/* Begin PBXGroup section */
		08A88285585C0C3CBA445870 /* Frameworks */ = {
			isa = PBXGroup;
			children = (
				0E8409B5FA6EB0FB084EF4E1 /* Pods_PHTestApp.framework */,
			);
			name = Frameworks;
			sourceTree = "<group>";
		};
		1AAD4335FE44276630B099A4 /* Pods */ = {
			isa = PBXGroup;
			children = (
				AAC4D84C4D438621DB61932C /* Pods-PHTestApp.debug.xcconfig */,
				76833087F03AB4E5BA4D9306 /* Pods-PHTestApp.release.xcconfig */,
			);
			name = Pods;
			sourceTree = "<group>";
		};
		635D085D1F32681D00DD8157 /* View */ = {
			isa = PBXGroup;
			children = (
				635D085B1F32681600DD8157 /* PostCell.swift */,
			);
			name = View;
			sourceTree = "<group>";
		};
		6380AF4E1F309886000EDC6A /* Model */ = {
			isa = PBXGroup;
			children = (
				6380AF4C1F30987E000EDC6A /* Collection.swift */,
				6380AF501F30A24A000EDC6A /* User.swift */,
				638721E41F33890300EB206A /* Post.swift */,
			);
			path = Model;
			sourceTree = "<group>";
		};
		6380AF4F1F309890000EDC6A /* Controller */ = {
			isa = PBXGroup;
			children = (
				6399A9121F2FEB5B0023A9BD /* FeedController.swift */,
			);
			path = Controller;
			sourceTree = "<group>";
		};
		638721E61F33B14D00EB206A /* Storyboards */ = {
			isa = PBXGroup;
			children = (
				6399A9141F2FEB5B0023A9BD /* Main.storyboard */,
				63BF2CBA1F32745A0070CA40 /* PostCell.xib */,
				6399A9191F2FEB5B0023A9BD /* LaunchScreen.storyboard */,
			);
			name = Storyboards;
			sourceTree = "<group>";
		};
		6399A9041F2FEB5A0023A9BD = {
			isa = PBXGroup;
			children = (
				6399A90F1F2FEB5B0023A9BD /* PHTestApp */,
				6399A90E1F2FEB5B0023A9BD /* Products */,
				1AAD4335FE44276630B099A4 /* Pods */,
				08A88285585C0C3CBA445870 /* Frameworks */,
			);
			sourceTree = "<group>";
		};
		6399A90E1F2FEB5B0023A9BD /* Products */ = {
			isa = PBXGroup;
			children = (
				6399A90D1F2FEB5B0023A9BD /* PHTestApp.app */,
			);
			name = Products;
			sourceTree = "<group>";
		};
		6399A90F1F2FEB5B0023A9BD /* PHTestApp */ = {
			isa = PBXGroup;
			children = (
				6399A9101F2FEB5B0023A9BD /* AppDelegate.swift */,
				635D08561F31F19C00DD8157 /* NetworkManager.swift */,
				635D08581F32175100DD8157 /* ApplicationManager.swift */,
				6380AF4E1F309886000EDC6A /* Model */,
				635D085D1F32681D00DD8157 /* View */,
				6380AF4F1F309890000EDC6A /* Controller */,
				638721E61F33B14D00EB206A /* Storyboards */,
				6399A9171F2FEB5B0023A9BD /* Assets.xcassets */,
				6399A91C1F2FEB5B0023A9BD /* Info.plist */,
			);
			path = PHTestApp;
			sourceTree = "<group>";
		};
/* End PBXGroup section */

/* Begin PBXNativeTarget section */
		6399A90C1F2FEB5B0023A9BD /* PHTestApp */ = {
			isa = PBXNativeTarget;
			buildConfigurationList = 6399A91F1F2FEB5B0023A9BD /* Build configuration list for PBXNativeTarget "PHTestApp" */;
			buildPhases = (
				E9CBA13BF77A917D59EF87F7 /* [CP] Check Pods Manifest.lock */,
				6399A9091F2FEB5B0023A9BD /* Sources */,
				6399A90A1F2FEB5B0023A9BD /* Frameworks */,
				6399A90B1F2FEB5B0023A9BD /* Resources */,
				47C71144C4F8B930A8824248 /* [CP] Embed Pods Frameworks */,
				66D22960492266E47B32B27A /* [CP] Copy Pods Resources */,
			);
			buildRules = (
			);
			dependencies = (
			);
			name = PHTestApp;
			productName = PHTestApp;
			productReference = 6399A90D1F2FEB5B0023A9BD /* PHTestApp.app */;
			productType = "com.apple.product-type.application";
		};
/* End PBXNativeTarget section */

/* Begin PBXProject section */
		6399A9051F2FEB5A0023A9BD /* Project object */ = {
			isa = PBXProject;
			attributes = {
				LastSwiftUpdateCheck = 0900;
				LastUpgradeCheck = 0900;
				ORGANIZATIONNAME = "Svyatoslav Bykov";
				TargetAttributes = {
					6399A90C1F2FEB5B0023A9BD = {
						CreatedOnToolsVersion = 9.0;
					};
				};
			};
			buildConfigurationList = 6399A9081F2FEB5A0023A9BD /* Build configuration list for PBXProject "PHTestApp" */;
			compatibilityVersion = "Xcode 8.0";
			developmentRegion = en;
			hasScannedForEncodings = 0;
			knownRegions = (
				en,
				Base,
			);
			mainGroup = 6399A9041F2FEB5A0023A9BD;
			productRefGroup = 6399A90E1F2FEB5B0023A9BD /* Products */;
			projectDirPath = "";
			projectRoot = "";
			targets = (
				6399A90C1F2FEB5B0023A9BD /* PHTestApp */,
			);
		};
/* End PBXProject section */

/* Begin PBXResourcesBuildPhase section */
		6399A90B1F2FEB5B0023A9BD /* Resources */ = {
			isa = PBXResourcesBuildPhase;
			buildActionMask = 2147483647;
			files = (
				6399A91B1F2FEB5B0023A9BD /* LaunchScreen.storyboard in Resources */,
				6399A9181F2FEB5B0023A9BD /* Assets.xcassets in Resources */,
				6399A9161F2FEB5B0023A9BD /* Main.storyboard in Resources */,
				63BF2CBB1F32745A0070CA40 /* PostCell.xib in Resources */,
			);
			runOnlyForDeploymentPostprocessing = 0;
		};
/* End PBXResourcesBuildPhase section */

/* Begin PBXShellScriptBuildPhase section */
		47C71144C4F8B930A8824248 /* [CP] Embed Pods Frameworks */ = {
			isa = PBXShellScriptBuildPhase;
			buildActionMask = 2147483647;
			files = (
			);
			inputPaths = (
			);
			name = "[CP] Embed Pods Frameworks";
			outputPaths = (
			);
			runOnlyForDeploymentPostprocessing = 0;
			shellPath = /bin/sh;
			shellScript = "\"${SRCROOT}/Pods/Target Support Files/Pods-PHTestApp/Pods-PHTestApp-frameworks.sh\"\n";
			showEnvVarsInLog = 0;
		};
		66D22960492266E47B32B27A /* [CP] Copy Pods Resources */ = {
			isa = PBXShellScriptBuildPhase;
			buildActionMask = 2147483647;
			files = (
			);
			inputPaths = (
			);
			name = "[CP] Copy Pods Resources";
			outputPaths = (
			);
			runOnlyForDeploymentPostprocessing = 0;
			shellPath = /bin/sh;
			shellScript = "\"${SRCROOT}/Pods/Target Support Files/Pods-PHTestApp/Pods-PHTestApp-resources.sh\"\n";
			showEnvVarsInLog = 0;
		};
		E9CBA13BF77A917D59EF87F7 /* [CP] Check Pods Manifest.lock */ = {
			isa = PBXShellScriptBuildPhase;
			buildActionMask = 2147483647;
			files = (
			);
			inputPaths = (
			);
			name = "[CP] Check Pods Manifest.lock";
			outputPaths = (
			);
			runOnlyForDeploymentPostprocessing = 0;
			shellPath = /bin/sh;
			shellScript = "diff \"${PODS_PODFILE_DIR_PATH}/Podfile.lock\" \"${PODS_ROOT}/Manifest.lock\" > /dev/null\nif [ $? != 0 ] ; then\n    # print error to STDERR\n    echo \"error: The sandbox is not in sync with the Podfile.lock. Run 'pod install' or update your CocoaPods installation.\" >&2\n    exit 1\nfi\n";
			showEnvVarsInLog = 0;
		};
/* End PBXShellScriptBuildPhase section */

/* Begin PBXSourcesBuildPhase section */
		6399A9091F2FEB5B0023A9BD /* Sources */ = {
			isa = PBXSourcesBuildPhase;
			buildActionMask = 2147483647;
			files = (
				635D08591F32175100DD8157 /* ApplicationManager.swift in Sources */,
				6380AF511F30A24A000EDC6A /* User.swift in Sources */,
				6380AF4D1F30987E000EDC6A /* Collection.swift in Sources */,
				638721E51F33890300EB206A /* Post.swift in Sources */,
				635D08571F31F19C00DD8157 /* NetworkManager.swift in Sources */,
				6399A9131F2FEB5B0023A9BD /* FeedController.swift in Sources */,
				635D085C1F32681600DD8157 /* PostCell.swift in Sources */,
				6399A9111F2FEB5B0023A9BD /* AppDelegate.swift in Sources */,
			);
			runOnlyForDeploymentPostprocessing = 0;
		};
/* End PBXSourcesBuildPhase section */

/* Begin PBXVariantGroup section */
		6399A9141F2FEB5B0023A9BD /* Main.storyboard */ = {
			isa = PBXVariantGroup;
			children = (
				6399A9151F2FEB5B0023A9BD /* Base */,
			);
			name = Main.storyboard;
			sourceTree = "<group>";
		};
		6399A9191F2FEB5B0023A9BD /* LaunchScreen.storyboard */ = {
			isa = PBXVariantGroup;
			children = (
				6399A91A1F2FEB5B0023A9BD /* Base */,
			);
			name = LaunchScreen.storyboard;
			sourceTree = "<group>";
		};
/* End PBXVariantGroup section */

/* Begin XCBuildConfiguration section */
		6399A91D1F2FEB5B0023A9BD /* Debug */ = {
			isa = XCBuildConfiguration;
			buildSettings = {
				ALWAYS_SEARCH_USER_PATHS = NO;
				CLANG_ANALYZER_NONNULL = YES;
				CLANG_ANALYZER_NUMBER_OBJECT_CONVERSION = YES_AGGRESSIVE;
				CLANG_CXX_LANGUAGE_STANDARD = "gnu++14";
				CLANG_CXX_LIBRARY = "libc++";
				CLANG_ENABLE_MODULES = YES;
				CLANG_ENABLE_OBJC_ARC = YES;
				CLANG_WARN_BLOCK_CAPTURE_AUTORELEASING = YES;
				CLANG_WARN_BOOL_CONVERSION = YES;
				CLANG_WARN_COMMA = YES;
				CLANG_WARN_CONSTANT_CONVERSION = YES;
				CLANG_WARN_DIRECT_OBJC_ISA_USAGE = YES_ERROR;
				CLANG_WARN_DOCUMENTATION_COMMENTS = YES;
				CLANG_WARN_EMPTY_BODY = YES;
				CLANG_WARN_ENUM_CONVERSION = YES;
				CLANG_WARN_INFINITE_RECURSION = YES;
				CLANG_WARN_INT_CONVERSION = YES;
				CLANG_WARN_OBJC_ROOT_CLASS = YES_ERROR;
				CLANG_WARN_RANGE_LOOP_ANALYSIS = YES;
				CLANG_WARN_STRICT_PROTOTYPES = YES;
				CLANG_WARN_SUSPICIOUS_MOVE = YES;
				CLANG_WARN_UNGUARDED_AVAILABILITY = YES_AGGRESSIVE;
				CLANG_WARN_UNREACHABLE_CODE = YES;
				CLANG_WARN__DUPLICATE_METHOD_MATCH = YES;
				CODE_SIGN_IDENTITY = "iPhone Developer";
				COPY_PHASE_STRIP = NO;
				DEBUG_INFORMATION_FORMAT = dwarf;
				ENABLE_STRICT_OBJC_MSGSEND = YES;
				ENABLE_TESTABILITY = YES;
				GCC_C_LANGUAGE_STANDARD = gnu11;
				GCC_DYNAMIC_NO_PIC = NO;
				GCC_NO_COMMON_BLOCKS = YES;
				GCC_OPTIMIZATION_LEVEL = 0;
				GCC_PREPROCESSOR_DEFINITIONS = (
					"DEBUG=1",
					"$(inherited)",
				);
				GCC_WARN_64_TO_32_BIT_CONVERSION = YES;
				GCC_WARN_ABOUT_RETURN_TYPE = YES_ERROR;
				GCC_WARN_UNDECLARED_SELECTOR = YES;
				GCC_WARN_UNINITIALIZED_AUTOS = YES_AGGRESSIVE;
				GCC_WARN_UNUSED_FUNCTION = YES;
				GCC_WARN_UNUSED_VARIABLE = YES;
				IPHONEOS_DEPLOYMENT_TARGET = 11.0;
				MTL_ENABLE_DEBUG_INFO = YES;
				ONLY_ACTIVE_ARCH = YES;
				SDKROOT = iphoneos;
				SWIFT_ACTIVE_COMPILATION_CONDITIONS = DEBUG;
				SWIFT_OPTIMIZATION_LEVEL = "-Onone";
			};
			name = Debug;
		};
		6399A91E1F2FEB5B0023A9BD /* Release */ = {
			isa = XCBuildConfiguration;
			buildSettings = {
				ALWAYS_SEARCH_USER_PATHS = NO;
				CLANG_ANALYZER_NONNULL = YES;
				CLANG_ANALYZER_NUMBER_OBJECT_CONVERSION = YES_AGGRESSIVE;
				CLANG_CXX_LANGUAGE_STANDARD = "gnu++14";
				CLANG_CXX_LIBRARY = "libc++";
				CLANG_ENABLE_MODULES = YES;
				CLANG_ENABLE_OBJC_ARC = YES;
				CLANG_WARN_BLOCK_CAPTURE_AUTORELEASING = YES;
				CLANG_WARN_BOOL_CONVERSION = YES;
				CLANG_WARN_COMMA = YES;
				CLANG_WARN_CONSTANT_CONVERSION = YES;
				CLANG_WARN_DIRECT_OBJC_ISA_USAGE = YES_ERROR;
				CLANG_WARN_DOCUMENTATION_COMMENTS = YES;
				CLANG_WARN_EMPTY_BODY = YES;
				CLANG_WARN_ENUM_CONVERSION = YES;
				CLANG_WARN_INFINITE_RECURSION = YES;
				CLANG_WARN_INT_CONVERSION = YES;
				CLANG_WARN_OBJC_ROOT_CLASS = YES_ERROR;
				CLANG_WARN_RANGE_LOOP_ANALYSIS = YES;
				CLANG_WARN_STRICT_PROTOTYPES = YES;
				CLANG_WARN_SUSPICIOUS_MOVE = YES;
				CLANG_WARN_UNGUARDED_AVAILABILITY = YES_AGGRESSIVE;
				CLANG_WARN_UNREACHABLE_CODE = YES;
				CLANG_WARN__DUPLICATE_METHOD_MATCH = YES;
				CODE_SIGN_IDENTITY = "iPhone Developer";
				COPY_PHASE_STRIP = NO;
				DEBUG_INFORMATION_FORMAT = "dwarf-with-dsym";
				ENABLE_NS_ASSERTIONS = NO;
				ENABLE_STRICT_OBJC_MSGSEND = YES;
				GCC_C_LANGUAGE_STANDARD = gnu11;
				GCC_NO_COMMON_BLOCKS = YES;
				GCC_WARN_64_TO_32_BIT_CONVERSION = YES;
				GCC_WARN_ABOUT_RETURN_TYPE = YES_ERROR;
				GCC_WARN_UNDECLARED_SELECTOR = YES;
				GCC_WARN_UNINITIALIZED_AUTOS = YES_AGGRESSIVE;
				GCC_WARN_UNUSED_FUNCTION = YES;
				GCC_WARN_UNUSED_VARIABLE = YES;
				IPHONEOS_DEPLOYMENT_TARGET = 11.0;
				MTL_ENABLE_DEBUG_INFO = NO;
				SDKROOT = iphoneos;
				SWIFT_OPTIMIZATION_LEVEL = "-Owholemodule";
				VALIDATE_PRODUCT = YES;
			};
			name = Release;
		};
		6399A9201F2FEB5B0023A9BD /* Debug */ = {
			isa = XCBuildConfiguration;
			baseConfigurationReference = AAC4D84C4D438621DB61932C /* Pods-PHTestApp.debug.xcconfig */;
			buildSettings = {
				ASSETCATALOG_COMPILER_APPICON_NAME = AppIcon;
				DEVELOPMENT_TEAM = LBW34LLWG3;
				INFOPLIST_FILE = PHTestApp/Info.plist;
				IPHONEOS_DEPLOYMENT_TARGET = 10.3;
				LD_RUNPATH_SEARCH_PATHS = "$(inherited) @executable_path/Frameworks";
				PRODUCT_BUNDLE_IDENTIFIER = com.bykovs.PHTestApp;
				PRODUCT_NAME = "$(TARGET_NAME)";
				SWIFT_VERSION = 3.0;
				TARGETED_DEVICE_FAMILY = "1,2";
			};
			name = Debug;
		};
		6399A9211F2FEB5B0023A9BD /* Release */ = {
			isa = XCBuildConfiguration;
			baseConfigurationReference = 76833087F03AB4E5BA4D9306 /* Pods-PHTestApp.release.xcconfig */;
			buildSettings = {
				ASSETCATALOG_COMPILER_APPICON_NAME = AppIcon;
				DEVELOPMENT_TEAM = LBW34LLWG3;
				INFOPLIST_FILE = PHTestApp/Info.plist;
				IPHONEOS_DEPLOYMENT_TARGET = 10.3;
				LD_RUNPATH_SEARCH_PATHS = "$(inherited) @executable_path/Frameworks";
				PRODUCT_BUNDLE_IDENTIFIER = com.bykovs.PHTestApp;
				PRODUCT_NAME = "$(TARGET_NAME)";
				SWIFT_VERSION = 3.0;
				TARGETED_DEVICE_FAMILY = "1,2";
			};
			name = Release;
		};
/* End XCBuildConfiguration section */

/* Begin XCConfigurationList section */
		6399A9081F2FEB5A0023A9BD /* Build configuration list for PBXProject "PHTestApp" */ = {
			isa = XCConfigurationList;
			buildConfigurations = (
				6399A91D1F2FEB5B0023A9BD /* Debug */,
				6399A91E1F2FEB5B0023A9BD /* Release */,
			);
			defaultConfigurationIsVisible = 0;
			defaultConfigurationName = Release;
		};
		6399A91F1F2FEB5B0023A9BD /* Build configuration list for PBXNativeTarget "PHTestApp" */ = {
			isa = XCConfigurationList;
			buildConfigurations = (
				6399A9201F2FEB5B0023A9BD /* Debug */,
				6399A9211F2FEB5B0023A9BD /* Release */,
			);
			defaultConfigurationIsVisible = 0;
			defaultConfigurationName = Release;
		};
/* End XCConfigurationList section */
	};
	rootObject = 6399A9051F2FEB5A0023A9BD /* Project object */;
}
